{
  "name": "MaduberEPOS",
  "version": "1.0.8",
  "lockfileVersion": 1,
  "requires": true,
  "dependencies": {
    "electron-log": {
      "version": "2.2.16",
      "resolved": "https://registry.npmjs.org/electron-log/-/electron-log-2.2.16.tgz",
      "integrity": "sha512-0zFLIJ7lMuM/HBbsHDp57RevuyMJxyfMD8KnN5z0A7gmoWJR/iqX00z/aSjQAY2OGLK7I5TpgGYhEt9crt9Z1w=="
    }
  }
}
